
Microsoft Visual Studio Solution File, Format Version 12.00
# Visual Studio Version 16
VisualStudioVersion = 16.0.32510.428
MinimumVisualStudioVersion = 10.0.40219.1
Project("{FAE04EC0-301F-11D3-BF4B-00C04F79EFBC}") = "Ramon_Loria_Examen1", "Ramon_Loria_Examen1\Ramon_Loria_Examen1.csproj", "{2CFBF2FA-1416-475B-999C-FCEF91FCA599}"
EndProject
Global
	GlobalSection(SolutionConfigurationPlatforms) = preSolution
		Debug|Any CPU = Debug|Any CPU
		Release|Any CPU = Release|Any CPU
	EndGlobalSection
	GlobalSection(ProjectConfigurationPlatforms) = postSolution
		{2CFBF2FA-1416-475B-999C-FCEF91FCA599}.Debug|Any CPU.ActiveCfg = Debug|Any CPU
		{2CFBF2FA-1416-475B-999C-FCEF91FCA599}.Debug|Any CPU.Build.0 = Debug|Any CPU
		{2CFBF2FA-1416-475B-999C-FCEF91FCA599}.Release|Any CPU.ActiveCfg = Release|Any CPU
		{2CFBF2FA-1416-475B-999C-FCEF91FCA599}.Release|Any CPU.Build.0 = Release|Any CPU
	EndGlobalSection
	GlobalSection(SolutionProperties) = preSolution
		HideSolutionNode = FALSE
	EndGlobalSection
	GlobalSection(ExtensibilityGlobals) = postSolution
		SolutionGuid = {DFC64DB1-DFA2-483B-AE60-AF5A97C98175}
	EndGlobalSection
EndGlobal
